# This file is automatically @generated by Cargo.
# It is not intended for manual editing.
version = 4

[[package]]
name = "lib_rustrt"
version = "0.1.0"
dependencies = [
 "vec3math",
]

[[package]]
name = "rustrt_bin"
version = "0.1.0"
dependencies = [
 "lib_rustrt",
 "vec3math",
]

[[package]]
name = "vec3math"
version = "0.1.0"
